
Microsoft Visual Studio Solution File, Format Version 12.00
# Visual Studio 15
VisualStudioVersion = 15.0.27703.2042
MinimumVisualStudioVersion = 10.0.40219.1
Project("{FAE04EC0-301F-11D3-BF4B-00C04F79EFBC}") = "Arrays", "Arrays\Arrays.csproj", "{2B0287C0-12F1-407C-BB3B-20F59DCF0287}"
EndProject
Global
	GlobalSection(SolutionConfigurationPlatforms) = preSolution
		Debug|Any CPU = Debug|Any CPU
		Release|Any CPU = Release|Any CPU
	EndGlobalSection
	GlobalSection(ProjectConfigurationPlatforms) = postSolution
		{2B0287C0-12F1-407C-BB3B-20F59DCF0287}.Debug|Any CPU.ActiveCfg = Debug|Any CPU
		{2B0287C0-12F1-407C-BB3B-20F59DCF0287}.Debug|Any CPU.Build.0 = Debug|Any CPU
		{2B0287C0-12F1-407C-BB3B-20F59DCF0287}.Release|Any CPU.ActiveCfg = Release|Any CPU
		{2B0287C0-12F1-407C-BB3B-20F59DCF0287}.Release|Any CPU.Build.0 = Release|Any CPU
	EndGlobalSection
	GlobalSection(SolutionProperties) = preSolution
		HideSolutionNode = FALSE
	EndGlobalSection
	GlobalSection(ExtensibilityGlobals) = postSolution
		SolutionGuid = {F67F3BD3-18D3-4340-8860-00916441A3F3}
	EndGlobalSection
EndGlobal
